// !$*UTF8*$!
{
	archiveVersion = 1;
	classes = {
	};
	objectVersion = 50;
	objects = {

/* Begin PBXBuildFile section */
		863B5E7823E68C2A0088728F /* AppDelegate.swift in Sources */ = {isa = PBXBuildFile; fileRef = 863B5E7723E68C2A0088728F /* AppDelegate.swift */; };
		863B5E7A23E68C2A0088728F /* SceneDelegate.swift in Sources */ = {isa = PBXBuildFile; fileRef = 863B5E7923E68C2A0088728F /* SceneDelegate.swift */; };
		863B5E7D23E68C2A0088728F /* TaskScheduler.xcdatamodeld in Sources */ = {isa = PBXBuildFile; fileRef = 863B5E7B23E68C2A0088728F /* TaskScheduler.xcdatamodeld */; };
		863B5E7F23E68C2A0088728F /* ContentView.swift in Sources */ = {isa = PBXBuildFile; fileRef = 863B5E7E23E68C2A0088728F /* ContentView.swift */; };
		863B5E8123E68C2E0088728F /* Assets.xcassets in Resources */ = {isa = PBXBuildFile; fileRef = 863B5E8023E68C2E0088728F /* Assets.xcassets */; };
		863B5E8423E68C2E0088728F /* Preview Assets.xcassets in Resources */ = {isa = PBXBuildFile; fileRef = 863B5E8323E68C2E0088728F /* Preview Assets.xcassets */; };
		863B5E8723E68C2E0088728F /* LaunchScreen.storyboard in Resources */ = {isa = PBXBuildFile; fileRef = 863B5E8523E68C2E0088728F /* LaunchScreen.storyboard */; };
		863B5E9523E68E870088728F /* TaskView.swift in Sources */ = {isa = PBXBuildFile; fileRef = 863B5E9423E68E870088728F /* TaskView.swift */; };
		866BCE70243DA16F00ED58C0 /* TaskDetailView.swift in Sources */ = {isa = PBXBuildFile; fileRef = 866BCE6F243DA16F00ED58C0 /* TaskDetailView.swift */; };
		8674BACD24028ABE002F0C01 /* LocationView.swift in Sources */ = {isa = PBXBuildFile; fileRef = 8674BACB24028ABE002F0C01 /* LocationView.swift */; };
		8682EBB524018789002CACFC /* AppState.swift in Sources */ = {isa = PBXBuildFile; fileRef = 8682EBB424018789002CACFC /* AppState.swift */; };
		868BE797243DAF4C00F1E804 /* QueueContentView.swift in Sources */ = {isa = PBXBuildFile; fileRef = 868BE796243DAF4C00F1E804 /* QueueContentView.swift */; };
		86AA02CE242BBDC0009AB819 /* LocationManagerDelegate.swift in Sources */ = {isa = PBXBuildFile; fileRef = 86AA02CD242BBDBF009AB819 /* LocationManagerDelegate.swift */; };
		86C4EA22240A8A85000D8DC0 /* Task+Extensions.swift in Sources */ = {isa = PBXBuildFile; fileRef = 86C4EA21240A8A84000D8DC0 /* Task+Extensions.swift */; };
		86CA956B2404E7EE00719D04 /* LocChooserView.swift in Sources */ = {isa = PBXBuildFile; fileRef = 86CA956A2404E7EE00719D04 /* LocChooserView.swift */; };
/* End PBXBuildFile section */

/* Begin PBXFileReference section */
		863B5E7423E68C2A0088728F /* TaskScheduler.app */ = {isa = PBXFileReference; explicitFileType = wrapper.application; includeInIndex = 0; path = TaskScheduler.app; sourceTree = BUILT_PRODUCTS_DIR; };
		863B5E7723E68C2A0088728F /* AppDelegate.swift */ = {isa = PBXFileReference; lastKnownFileType = sourcecode.swift; path = AppDelegate.swift; sourceTree = "<group>"; };
		863B5E7923E68C2A0088728F /* SceneDelegate.swift */ = {isa = PBXFileReference; lastKnownFileType = sourcecode.swift; path = SceneDelegate.swift; sourceTree = "<group>"; };
		863B5E7C23E68C2A0088728F /* TaskScheduler.xcdatamodel */ = {isa = PBXFileReference; lastKnownFileType = wrapper.xcdatamodel; path = TaskScheduler.xcdatamodel; sourceTree = "<group>"; };
		863B5E7E23E68C2A0088728F /* ContentView.swift */ = {isa = PBXFileReference; lastKnownFileType = sourcecode.swift; path = ContentView.swift; sourceTree = "<group>"; };
		863B5E8023E68C2E0088728F /* Assets.xcassets */ = {isa = PBXFileReference; lastKnownFileType = folder.assetcatalog; path = Assets.xcassets; sourceTree = "<group>"; };
		863B5E8323E68C2E0088728F /* Preview Assets.xcassets */ = {isa = PBXFileReference; lastKnownFileType = folder.assetcatalog; path = "Preview Assets.xcassets"; sourceTree = "<group>"; };
		863B5E8623E68C2E0088728F /* Base */ = {isa = PBXFileReference; lastKnownFileType = file.storyboard; name = Base; path = Base.lproj/LaunchScreen.storyboard; sourceTree = "<group>"; };
		863B5E8823E68C2E0088728F /* Info.plist */ = {isa = PBXFileReference; lastKnownFileType = text.plist.xml; path = Info.plist; sourceTree = "<group>"; };
		863B5E9423E68E870088728F /* TaskView.swift */ = {isa = PBXFileReference; lastKnownFileType = sourcecode.swift; path = TaskView.swift; sourceTree = "<group>"; };
		866BCE6F243DA16F00ED58C0 /* TaskDetailView.swift */ = {isa = PBXFileReference; lastKnownFileType = sourcecode.swift; path = TaskDetailView.swift; sourceTree = "<group>"; };
		8674BACB24028ABE002F0C01 /* LocationView.swift */ = {isa = PBXFileReference; fileEncoding = 4; lastKnownFileType = sourcecode.swift; path = LocationView.swift; sourceTree = "<group>"; };
		8682EBB424018789002CACFC /* AppState.swift */ = {isa = PBXFileReference; lastKnownFileType = sourcecode.swift; path = AppState.swift; sourceTree = "<group>"; };
		868BE796243DAF4C00F1E804 /* QueueContentView.swift */ = {isa = PBXFileReference; lastKnownFileType = sourcecode.swift; path = QueueContentView.swift; sourceTree = "<group>"; };
		86AA02CD242BBDBF009AB819 /* LocationManagerDelegate.swift */ = {isa = PBXFileReference; fileEncoding = 4; lastKnownFileType = sourcecode.swift; path = LocationManagerDelegate.swift; sourceTree = "<group>"; };
		86C4EA21240A8A84000D8DC0 /* Task+Extensions.swift */ = {isa = PBXFileReference; lastKnownFileType = sourcecode.swift; path = "Task+Extensions.swift"; sourceTree = "<group>"; };
		86CA956A2404E7EE00719D04 /* LocChooserView.swift */ = {isa = PBXFileReference; lastKnownFileType = sourcecode.swift; path = LocChooserView.swift; sourceTree = "<group>"; };
/* End PBXFileReference section */

/* Begin PBXFrameworksBuildPhase section */
		863B5E7123E68C2A0088728F /* Frameworks */ = {
			isa = PBXFrameworksBuildPhase;
			buildActionMask = 2147483647;
			files = (
			);
			runOnlyForDeploymentPostprocessing = 0;
		};
/* End PBXFrameworksBuildPhase section */

/* Begin PBXGroup section */
		863B5E6B23E68C2A0088728F = {
			isa = PBXGroup;
			children = (
				863B5E7623E68C2A0088728F /* TaskScheduler */,
				86C4EA21240A8A84000D8DC0 /* Task+Extensions.swift */,
				863B5E7523E68C2A0088728F /* Products */,
			);
			sourceTree = "<group>";
		};
		863B5E7523E68C2A0088728F /* Products */ = {
			isa = PBXGroup;
			children = (
				863B5E7423E68C2A0088728F /* TaskScheduler.app */,
			);
			name = Products;
			sourceTree = "<group>";
		};
		863B5E7623E68C2A0088728F /* TaskScheduler */ = {
			isa = PBXGroup;
			children = (
				863B5E7723E68C2A0088728F /* AppDelegate.swift */,
				863B5E7923E68C2A0088728F /* SceneDelegate.swift */,
				863B5E7E23E68C2A0088728F /* ContentView.swift */,
				863B5E9423E68E870088728F /* TaskView.swift */,
				866BCE6F243DA16F00ED58C0 /* TaskDetailView.swift */,
				868BE796243DAF4C00F1E804 /* QueueContentView.swift */,
				86CA956A2404E7EE00719D04 /* LocChooserView.swift */,
				8674BACB24028ABE002F0C01 /* LocationView.swift */,
				86AA02CD242BBDBF009AB819 /* LocationManagerDelegate.swift */,
				8682EBB424018789002CACFC /* AppState.swift */,
				863B5E8023E68C2E0088728F /* Assets.xcassets */,
				863B5E8523E68C2E0088728F /* LaunchScreen.storyboard */,
				863B5E8823E68C2E0088728F /* Info.plist */,
				863B5E7B23E68C2A0088728F /* TaskScheduler.xcdatamodeld */,
				863B5E8223E68C2E0088728F /* Preview Content */,
			);
			path = TaskScheduler;
			sourceTree = "<group>";
		};
		863B5E8223E68C2E0088728F /* Preview Content */ = {
			isa = PBXGroup;
			children = (
				863B5E8323E68C2E0088728F /* Preview Assets.xcassets */,
			);
			path = "Preview Content";
			sourceTree = "<group>";
		};
/* End PBXGroup section */

/* Begin PBXNativeTarget section */
		863B5E7323E68C2A0088728F /* TaskScheduler */ = {
			isa = PBXNativeTarget;
			buildConfigurationList = 863B5E8B23E68C2E0088728F /* Build configuration list for PBXNativeTarget "TaskScheduler" */;
			buildPhases = (
				863B5E7023E68C2A0088728F /* Sources */,
				863B5E7123E68C2A0088728F /* Frameworks */,
				863B5E7223E68C2A0088728F /* Resources */,
			);
			buildRules = (
			);
			dependencies = (
			);
			name = TaskScheduler;
			productName = TaskScheduler;
			productReference = 863B5E7423E68C2A0088728F /* TaskScheduler.app */;
			productType = "com.apple.product-type.application";
		};
/* End PBXNativeTarget section */

/* Begin PBXProject section */
		863B5E6C23E68C2A0088728F /* Project object */ = {
			isa = PBXProject;
			attributes = {
				LastSwiftUpdateCheck = 1120;
				LastUpgradeCheck = 1120;
				ORGANIZATIONNAME = "Efe UZEL";
				TargetAttributes = {
					863B5E7323E68C2A0088728F = {
						CreatedOnToolsVersion = 11.2;
					};
				};
			};
			buildConfigurationList = 863B5E6F23E68C2A0088728F /* Build configuration list for PBXProject "TaskScheduler" */;
			compatibilityVersion = "Xcode 9.3";
			developmentRegion = en;
			hasScannedForEncodings = 0;
			knownRegions = (
				en,
				Base,
			);
			mainGroup = 863B5E6B23E68C2A0088728F;
			productRefGroup = 863B5E7523E68C2A0088728F /* Products */;
			projectDirPath = "";
			projectRoot = "";
			targets = (
				863B5E7323E68C2A0088728F /* TaskScheduler */,
			);
		};
/* End PBXProject section */

/* Begin PBXResourcesBuildPhase section */
		863B5E7223E68C2A0088728F /* Resources */ = {
			isa = PBXResourcesBuildPhase;
			buildActionMask = 2147483647;
			files = (
				863B5E8723E68C2E0088728F /* LaunchScreen.storyboard in Resources */,
				863B5E8423E68C2E0088728F /* Preview Assets.xcassets in Resources */,
				863B5E8123E68C2E0088728F /* Assets.xcassets in Resources */,
			);
			runOnlyForDeploymentPostprocessing = 0;
		};
/* End PBXResourcesBuildPhase section */

/* Begin PBXSourcesBuildPhase section */
		863B5E7023E68C2A0088728F /* Sources */ = {
			isa = PBXSourcesBuildPhase;
			buildActionMask = 2147483647;
			files = (
				866BCE70243DA16F00ED58C0 /* TaskDetailView.swift in Sources */,
				86C4EA22240A8A85000D8DC0 /* Task+Extensions.swift in Sources */,
				863B5E7D23E68C2A0088728F /* TaskScheduler.xcdatamodeld in Sources */,
				8682EBB524018789002CACFC /* AppState.swift in Sources */,
				863B5E9523E68E870088728F /* TaskView.swift in Sources */,
				86AA02CE242BBDC0009AB819 /* LocationManagerDelegate.swift in Sources */,
				8674BACD24028ABE002F0C01 /* LocationView.swift in Sources */,
				863B5E7823E68C2A0088728F /* AppDelegate.swift in Sources */,
				863B5E7F23E68C2A0088728F /* ContentView.swift in Sources */,
				868BE797243DAF4C00F1E804 /* QueueContentView.swift in Sources */,
				863B5E7A23E68C2A0088728F /* SceneDelegate.swift in Sources */,
				86CA956B2404E7EE00719D04 /* LocChooserView.swift in Sources */,
			);
			runOnlyForDeploymentPostprocessing = 0;
		};
/* End PBXSourcesBuildPhase section */

/* Begin PBXVariantGroup section */
		863B5E8523E68C2E0088728F /* LaunchScreen.storyboard */ = {
			isa = PBXVariantGroup;
			children = (
				863B5E8623E68C2E0088728F /* Base */,
			);
			name = LaunchScreen.storyboard;
			sourceTree = "<group>";
		};
/* End PBXVariantGroup section */

/* Begin XCBuildConfiguration section */
		863B5E8923E68C2E0088728F /* Debug */ = {
			isa = XCBuildConfiguration;
			buildSettings = {
				ALWAYS_SEARCH_USER_PATHS = NO;
				CLANG_ANALYZER_NONNULL = YES;
				CLANG_ANALYZER_NUMBER_OBJECT_CONVERSION = YES_AGGRESSIVE;
				CLANG_CXX_LANGUAGE_STANDARD = "gnu++14";
				CLANG_CXX_LIBRARY = "libc++";
				CLANG_ENABLE_MODULES = YES;
				CLANG_ENABLE_OBJC_ARC = YES;
				CLANG_ENABLE_OBJC_WEAK = YES;
				CLANG_WARN_BLOCK_CAPTURE_AUTORELEASING = YES;
				CLANG_WARN_BOOL_CONVERSION = YES;
				CLANG_WARN_COMMA = YES;
				CLANG_WARN_CONSTANT_CONVERSION = YES;
				CLANG_WARN_DEPRECATED_OBJC_IMPLEMENTATIONS = YES;
				CLANG_WARN_DIRECT_OBJC_ISA_USAGE = YES_ERROR;
				CLANG_WARN_DOCUMENTATION_COMMENTS = YES;
				CLANG_WARN_EMPTY_BODY = YES;
				CLANG_WARN_ENUM_CONVERSION = YES;
				CLANG_WARN_INFINITE_RECURSION = YES;
				CLANG_WARN_INT_CONVERSION = YES;
				CLANG_WARN_NON_LITERAL_NULL_CONVERSION = YES;
				CLANG_WARN_OBJC_IMPLICIT_RETAIN_SELF = YES;
				CLANG_WARN_OBJC_LITERAL_CONVERSION = YES;
				CLANG_WARN_OBJC_ROOT_CLASS = YES_ERROR;
				CLANG_WARN_RANGE_LOOP_ANALYSIS = YES;
				CLANG_WARN_STRICT_PROTOTYPES = YES;
				CLANG_WARN_SUSPICIOUS_MOVE = YES;
				CLANG_WARN_UNGUARDED_AVAILABILITY = YES_AGGRESSIVE;
				CLANG_WARN_UNREACHABLE_CODE = YES;
				CLANG_WARN__DUPLICATE_METHOD_MATCH = YES;
				COPY_PHASE_STRIP = NO;
				DEBUG_INFORMATION_FORMAT = dwarf;
				ENABLE_STRICT_OBJC_MSGSEND = YES;
				ENABLE_TESTABILITY = YES;
				GCC_C_LANGUAGE_STANDARD = gnu11;
				GCC_DYNAMIC_NO_PIC = NO;
				GCC_NO_COMMON_BLOCKS = YES;
				GCC_OPTIMIZATION_LEVEL = 0;
				GCC_PREPROCESSOR_DEFINITIONS = (
					"DEBUG=1",
					"$(inherited)",
				);
				GCC_WARN_64_TO_32_BIT_CONVERSION = YES;
				GCC_WARN_ABOUT_RETURN_TYPE = YES_ERROR;
				GCC_WARN_UNDECLARED_SELECTOR = YES;
				GCC_WARN_UNINITIALIZED_AUTOS = YES_AGGRESSIVE;
				GCC_WARN_UNUSED_FUNCTION = YES;
				GCC_WARN_UNUSED_VARIABLE = YES;
				IPHONEOS_DEPLOYMENT_TARGET = 13.2;
				MTL_ENABLE_DEBUG_INFO = INCLUDE_SOURCE;
				MTL_FAST_MATH = YES;
				ONLY_ACTIVE_ARCH = YES;
				SDKROOT = iphoneos;
				SWIFT_ACTIVE_COMPILATION_CONDITIONS = DEBUG;
				SWIFT_OPTIMIZATION_LEVEL = "-Onone";
			};
			name = Debug;
		};
		863B5E8A23E68C2E0088728F /* Release */ = {
			isa = XCBuildConfiguration;
			buildSettings = {
				ALWAYS_SEARCH_USER_PATHS = NO;
				CLANG_ANALYZER_NONNULL = YES;
				CLANG_ANALYZER_NUMBER_OBJECT_CONVERSION = YES_AGGRESSIVE;
				CLANG_CXX_LANGUAGE_STANDARD = "gnu++14";
				CLANG_CXX_LIBRARY = "libc++";
				CLANG_ENABLE_MODULES = YES;
				CLANG_ENABLE_OBJC_ARC = YES;
				CLANG_ENABLE_OBJC_WEAK = YES;
				CLANG_WARN_BLOCK_CAPTURE_AUTORELEASING = YES;
				CLANG_WARN_BOOL_CONVERSION = YES;
				CLANG_WARN_COMMA = YES;
				CLANG_WARN_CONSTANT_CONVERSION = YES;
				CLANG_WARN_DEPRECATED_OBJC_IMPLEMENTATIONS = YES;
				CLANG_WARN_DIRECT_OBJC_ISA_USAGE = YES_ERROR;
				CLANG_WARN_DOCUMENTATION_COMMENTS = YES;
				CLANG_WARN_EMPTY_BODY = YES;
				CLANG_WARN_ENUM_CONVERSION = YES;
				CLANG_WARN_INFINITE_RECURSION = YES;
				CLANG_WARN_INT_CONVERSION = YES;
				CLANG_WARN_NON_LITERAL_NULL_CONVERSION = YES;
				CLANG_WARN_OBJC_IMPLICIT_RETAIN_SELF = YES;
				CLANG_WARN_OBJC_LITERAL_CONVERSION = YES;
				CLANG_WARN_OBJC_ROOT_CLASS = YES_ERROR;
				CLANG_WARN_RANGE_LOOP_ANALYSIS = YES;
				CLANG_WARN_STRICT_PROTOTYPES = YES;
				CLANG_WARN_SUSPICIOUS_MOVE = YES;
				CLANG_WARN_UNGUARDED_AVAILABILITY = YES_AGGRESSIVE;
				CLANG_WARN_UNREACHABLE_CODE = YES;
				CLANG_WARN__DUPLICATE_METHOD_MATCH = YES;
				COPY_PHASE_STRIP = NO;
				DEBUG_INFORMATION_FORMAT = "dwarf-with-dsym";
				ENABLE_NS_ASSERTIONS = NO;
				ENABLE_STRICT_OBJC_MSGSEND = YES;
				GCC_C_LANGUAGE_STANDARD = gnu11;
				GCC_NO_COMMON_BLOCKS = YES;
				GCC_WARN_64_TO_32_BIT_CONVERSION = YES;
				GCC_WARN_ABOUT_RETURN_TYPE = YES_ERROR;
				GCC_WARN_UNDECLARED_SELECTOR = YES;
				GCC_WARN_UNINITIALIZED_AUTOS = YES_AGGRESSIVE;
				GCC_WARN_UNUSED_FUNCTION = YES;
				GCC_WARN_UNUSED_VARIABLE = YES;
				IPHONEOS_DEPLOYMENT_TARGET = 13.2;
				MTL_ENABLE_DEBUG_INFO = NO;
				MTL_FAST_MATH = YES;
				SDKROOT = iphoneos;
				SWIFT_COMPILATION_MODE = wholemodule;
				SWIFT_OPTIMIZATION_LEVEL = "-O";
				VALIDATE_PRODUCT = YES;
			};
			name = Release;
		};
		863B5E8C23E68C2E0088728F /* Debug */ = {
			isa = XCBuildConfiguration;
			buildSettings = {
				ASSETCATALOG_COMPILER_APPICON_NAME = AppIcon;
				CODE_SIGN_STYLE = Automatic;
				DEVELOPMENT_ASSET_PATHS = "\"TaskScheduler/Preview Content\"";
				ENABLE_PREVIEWS = YES;
				INFOPLIST_FILE = TaskScheduler/Info.plist;
				LD_RUNPATH_SEARCH_PATHS = (
					"$(inherited)",
					"@executable_path/Frameworks",
				);
				PRODUCT_BUNDLE_IDENTIFIER = eucoding.TaskScheduler;
				PRODUCT_NAME = "$(TARGET_NAME)";
				SWIFT_VERSION = 5.0;
				TARGETED_DEVICE_FAMILY = "1,2";
			};
			name = Debug;
		};
		863B5E8D23E68C2E0088728F /* Release */ = {
			isa = XCBuildConfiguration;
			buildSettings = {
				ASSETCATALOG_COMPILER_APPICON_NAME = AppIcon;
				CODE_SIGN_STYLE = Automatic;
				DEVELOPMENT_ASSET_PATHS = "\"TaskScheduler/Preview Content\"";
				ENABLE_PREVIEWS = YES;
				INFOPLIST_FILE = TaskScheduler/Info.plist;
				LD_RUNPATH_SEARCH_PATHS = (
					"$(inherited)",
					"@executable_path/Frameworks",
				);
				PRODUCT_BUNDLE_IDENTIFIER = eucoding.TaskScheduler;
				PRODUCT_NAME = "$(TARGET_NAME)";
				SWIFT_VERSION = 5.0;
				TARGETED_DEVICE_FAMILY = "1,2";
			};
			name = Release;
		};
/* End XCBuildConfiguration section */

/* Begin XCConfigurationList section */
		863B5E6F23E68C2A0088728F /* Build configuration list for PBXProject "TaskScheduler" */ = {
			isa = XCConfigurationList;
			buildConfigurations = (
				863B5E8923E68C2E0088728F /* Debug */,
				863B5E8A23E68C2E0088728F /* Release */,
			);
			defaultConfigurationIsVisible = 0;
			defaultConfigurationName = Release;
		};
		863B5E8B23E68C2E0088728F /* Build configuration list for PBXNativeTarget "TaskScheduler" */ = {
			isa = XCConfigurationList;
			buildConfigurations = (
				863B5E8C23E68C2E0088728F /* Debug */,
				863B5E8D23E68C2E0088728F /* Release */,
			);
			defaultConfigurationIsVisible = 0;
			defaultConfigurationName = Release;
		};
/* End XCConfigurationList section */

/* Begin XCVersionGroup section */
		863B5E7B23E68C2A0088728F /* TaskScheduler.xcdatamodeld */ = {
			isa = XCVersionGroup;
			children = (
				863B5E7C23E68C2A0088728F /* TaskScheduler.xcdatamodel */,
			);
			currentVersion = 863B5E7C23E68C2A0088728F /* TaskScheduler.xcdatamodel */;
			path = TaskScheduler.xcdatamodeld;
			sourceTree = "<group>";
			versionGroupType = wrapper.xcdatamodel;
		};
/* End XCVersionGroup section */
	};
	rootObject = 863B5E6C23E68C2A0088728F /* Project object */;
}
